
Microsoft Visual Studio Solution File, Format Version 12.00
# Visual Studio Version 17
VisualStudioVersion = 17.11.35222.181
MinimumVisualStudioVersion = 10.0.40219.1
Project("{FAE04EC0-301F-11D3-BF4B-00C04F79EFBC}") = "OrganizeIt.Cli", "OrganizeIt.Cli\OrganizeIt.Cli.csproj", "{FE111325-13B7-4E69-ACBD-966E4FFE5889}"
EndProject
Project("{FAE04EC0-301F-11D3-BF4B-00C04F79EFBC}") = "OrganizeIt.Core", "OrganizeIt.Core\OrganizeIt.Core.csproj", "{B14F2F6C-DA4F-47C9-9DF1-9A94310A808C}"
EndProject
Global
	GlobalSection(SolutionConfigurationPlatforms) = preSolution
		Debug|Any CPU = Debug|Any CPU
		Release|Any CPU = Release|Any CPU
	EndGlobalSection
	GlobalSection(ProjectConfigurationPlatforms) = postSolution
		{FE111325-13B7-4E69-ACBD-966E4FFE5889}.Debug|Any CPU.ActiveCfg = Debug|Any CPU
		{FE111325-13B7-4E69-ACBD-966E4FFE5889}.Debug|Any CPU.Build.0 = Debug|Any CPU
		{FE111325-13B7-4E69-ACBD-966E4FFE5889}.Release|Any CPU.ActiveCfg = Release|Any CPU
		{FE111325-13B7-4E69-ACBD-966E4FFE5889}.Release|Any CPU.Build.0 = Release|Any CPU
		{B14F2F6C-DA4F-47C9-9DF1-9A94310A808C}.Debug|Any CPU.ActiveCfg = Debug|Any CPU
		{B14F2F6C-DA4F-47C9-9DF1-9A94310A808C}.Debug|Any CPU.Build.0 = Debug|Any CPU
		{B14F2F6C-DA4F-47C9-9DF1-9A94310A808C}.Release|Any CPU.ActiveCfg = Release|Any CPU
		{B14F2F6C-DA4F-47C9-9DF1-9A94310A808C}.Release|Any CPU.Build.0 = Release|Any CPU
	EndGlobalSection
	GlobalSection(SolutionProperties) = preSolution
		HideSolutionNode = FALSE
	EndGlobalSection
	GlobalSection(ExtensibilityGlobals) = postSolution
		SolutionGuid = {6A7EAB96-3F08-401B-A9DE-1EF859D697DD}
	EndGlobalSection
EndGlobal
